// !$*UTF8*$!
{
	archiveVersion = 1;
	classes = {
	};
	objectVersion = 55;
	objects = {

/* Begin PBXBuildFile section */
		02F76E36289027BD004A4AC5 /* AppDelegate.swift in Sources */ = {isa = PBXBuildFile; fileRef = 02F76E35289027BD004A4AC5 /* AppDelegate.swift */; };
		02F76E38289027BD004A4AC5 /* SceneDelegate.swift in Sources */ = {isa = PBXBuildFile; fileRef = 02F76E37289027BD004A4AC5 /* SceneDelegate.swift */; };
		02F76E3A289027BD004A4AC5 /* ViewController.swift in Sources */ = {isa = PBXBuildFile; fileRef = 02F76E39289027BD004A4AC5 /* ViewController.swift */; };
		02F76E3D289027BD004A4AC5 /* Main.storyboard in Resources */ = {isa = PBXBuildFile; fileRef = 02F76E3B289027BD004A4AC5 /* Main.storyboard */; };
		02F76E3F289027BE004A4AC5 /* Assets.xcassets in Resources */ = {isa = PBXBuildFile; fileRef = 02F76E3E289027BE004A4AC5 /* Assets.xcassets */; };
		02F76E42289027BE004A4AC5 /* LaunchScreen.storyboard in Resources */ = {isa = PBXBuildFile; fileRef = 02F76E40289027BE004A4AC5 /* LaunchScreen.storyboard */; };
		02F76E4D289027BF004A4AC5 /* SwiftPackageExampleTests.swift in Sources */ = {isa = PBXBuildFile; fileRef = 02F76E4C289027BF004A4AC5 /* SwiftPackageExampleTests.swift */; };
		02F76E57289027BF004A4AC5 /* SwiftPackageExampleUITests.swift in Sources */ = {isa = PBXBuildFile; fileRef = 02F76E56289027BF004A4AC5 /* SwiftPackageExampleUITests.swift */; };
		02F76E59289027BF004A4AC5 /* SwiftPackageExampleUITestsLaunchTests.swift in Sources */ = {isa = PBXBuildFile; fileRef = 02F76E58289027BF004A4AC5 /* SwiftPackageExampleUITestsLaunchTests.swift */; };
		02F76E6728902A86004A4AC5 /* TextInput in Frameworks */ = {isa = PBXBuildFile; productRef = 02F76E6628902A86004A4AC5 /* TextInput */; };
		02F76E6A28902AB1004A4AC5 /* RegisterView in Frameworks */ = {isa = PBXBuildFile; productRef = 02F76E6928902AB1004A4AC5 /* RegisterView */; };
/* End PBXBuildFile section */

/* Begin PBXContainerItemProxy section */
		02F76E49289027BE004A4AC5 /* PBXContainerItemProxy */ = {
			isa = PBXContainerItemProxy;
			containerPortal = 02F76E2A289027BD004A4AC5 /* Project object */;
			proxyType = 1;
			remoteGlobalIDString = 02F76E31289027BD004A4AC5;
			remoteInfo = SwiftPackageExample;
		};
		02F76E53289027BF004A4AC5 /* PBXContainerItemProxy */ = {
			isa = PBXContainerItemProxy;
			containerPortal = 02F76E2A289027BD004A4AC5 /* Project object */;
			proxyType = 1;
			remoteGlobalIDString = 02F76E31289027BD004A4AC5;
			remoteInfo = SwiftPackageExample;
		};
/* End PBXContainerItemProxy section */

/* Begin PBXFileReference section */
		02F76E32289027BD004A4AC5 /* SwiftPackageExample.app */ = {isa = PBXFileReference; explicitFileType = wrapper.application; includeInIndex = 0; path = SwiftPackageExample.app; sourceTree = BUILT_PRODUCTS_DIR; };
		02F76E35289027BD004A4AC5 /* AppDelegate.swift */ = {isa = PBXFileReference; lastKnownFileType = sourcecode.swift; path = AppDelegate.swift; sourceTree = "<group>"; };
		02F76E37289027BD004A4AC5 /* SceneDelegate.swift */ = {isa = PBXFileReference; lastKnownFileType = sourcecode.swift; path = SceneDelegate.swift; sourceTree = "<group>"; };
		02F76E39289027BD004A4AC5 /* ViewController.swift */ = {isa = PBXFileReference; lastKnownFileType = sourcecode.swift; path = ViewController.swift; sourceTree = "<group>"; };
		02F76E3C289027BD004A4AC5 /* Base */ = {isa = PBXFileReference; lastKnownFileType = file.storyboard; name = Base; path = Base.lproj/Main.storyboard; sourceTree = "<group>"; };
		02F76E3E289027BE004A4AC5 /* Assets.xcassets */ = {isa = PBXFileReference; lastKnownFileType = folder.assetcatalog; path = Assets.xcassets; sourceTree = "<group>"; };
		02F76E41289027BE004A4AC5 /* Base */ = {isa = PBXFileReference; lastKnownFileType = file.storyboard; name = Base; path = Base.lproj/LaunchScreen.storyboard; sourceTree = "<group>"; };
		02F76E43289027BE004A4AC5 /* Info.plist */ = {isa = PBXFileReference; lastKnownFileType = text.plist.xml; path = Info.plist; sourceTree = "<group>"; };
		02F76E48289027BE004A4AC5 /* SwiftPackageExampleTests.xctest */ = {isa = PBXFileReference; explicitFileType = wrapper.cfbundle; includeInIndex = 0; path = SwiftPackageExampleTests.xctest; sourceTree = BUILT_PRODUCTS_DIR; };
		02F76E4C289027BF004A4AC5 /* SwiftPackageExampleTests.swift */ = {isa = PBXFileReference; lastKnownFileType = sourcecode.swift; path = SwiftPackageExampleTests.swift; sourceTree = "<group>"; };
		02F76E52289027BF004A4AC5 /* SwiftPackageExampleUITests.xctest */ = {isa = PBXFileReference; explicitFileType = wrapper.cfbundle; includeInIndex = 0; path = SwiftPackageExampleUITests.xctest; sourceTree = BUILT_PRODUCTS_DIR; };
		02F76E56289027BF004A4AC5 /* SwiftPackageExampleUITests.swift */ = {isa = PBXFileReference; lastKnownFileType = sourcecode.swift; path = SwiftPackageExampleUITests.swift; sourceTree = "<group>"; };
		02F76E58289027BF004A4AC5 /* SwiftPackageExampleUITestsLaunchTests.swift */ = {isa = PBXFileReference; lastKnownFileType = sourcecode.swift; path = SwiftPackageExampleUITestsLaunchTests.swift; sourceTree = "<group>"; };
/* End PBXFileReference section */

/* Begin PBXFrameworksBuildPhase section */
		02F76E2F289027BD004A4AC5 /* Frameworks */ = {
			isa = PBXFrameworksBuildPhase;
			buildActionMask = 2147483647;
			files = (
				02F76E6A28902AB1004A4AC5 /* RegisterView in Frameworks */,
				02F76E6728902A86004A4AC5 /* TextInput in Frameworks */,
			);
			runOnlyForDeploymentPostprocessing = 0;
		};
		02F76E45289027BE004A4AC5 /* Frameworks */ = {
			isa = PBXFrameworksBuildPhase;
			buildActionMask = 2147483647;
			files = (
			);
			runOnlyForDeploymentPostprocessing = 0;
		};
		02F76E4F289027BF004A4AC5 /* Frameworks */ = {
			isa = PBXFrameworksBuildPhase;
			buildActionMask = 2147483647;
			files = (
			);
			runOnlyForDeploymentPostprocessing = 0;
		};
/* End PBXFrameworksBuildPhase section */

/* Begin PBXGroup section */
		02F76E29289027BD004A4AC5 = {
			isa = PBXGroup;
			children = (
				02F76E34289027BD004A4AC5 /* SwiftPackageExample */,
				02F76E4B289027BE004A4AC5 /* SwiftPackageExampleTests */,
				02F76E55289027BF004A4AC5 /* SwiftPackageExampleUITests */,
				02F76E33289027BD004A4AC5 /* Products */,
			);
			sourceTree = "<group>";
		};
		02F76E33289027BD004A4AC5 /* Products */ = {
			isa = PBXGroup;
			children = (
				02F76E32289027BD004A4AC5 /* SwiftPackageExample.app */,
				02F76E48289027BE004A4AC5 /* SwiftPackageExampleTests.xctest */,
				02F76E52289027BF004A4AC5 /* SwiftPackageExampleUITests.xctest */,
			);
			name = Products;
			sourceTree = "<group>";
		};
		02F76E34289027BD004A4AC5 /* SwiftPackageExample */ = {
			isa = PBXGroup;
			children = (
				02F76E35289027BD004A4AC5 /* AppDelegate.swift */,
				02F76E37289027BD004A4AC5 /* SceneDelegate.swift */,
				02F76E39289027BD004A4AC5 /* ViewController.swift */,
				02F76E3B289027BD004A4AC5 /* Main.storyboard */,
				02F76E3E289027BE004A4AC5 /* Assets.xcassets */,
				02F76E40289027BE004A4AC5 /* LaunchScreen.storyboard */,
				02F76E43289027BE004A4AC5 /* Info.plist */,
			);
			path = SwiftPackageExample;
			sourceTree = "<group>";
		};
		02F76E4B289027BE004A4AC5 /* SwiftPackageExampleTests */ = {
			isa = PBXGroup;
			children = (
				02F76E4C289027BF004A4AC5 /* SwiftPackageExampleTests.swift */,
			);
			path = SwiftPackageExampleTests;
			sourceTree = "<group>";
		};
		02F76E55289027BF004A4AC5 /* SwiftPackageExampleUITests */ = {
			isa = PBXGroup;
			children = (
				02F76E56289027BF004A4AC5 /* SwiftPackageExampleUITests.swift */,
				02F76E58289027BF004A4AC5 /* SwiftPackageExampleUITestsLaunchTests.swift */,
			);
			path = SwiftPackageExampleUITests;
			sourceTree = "<group>";
		};
/* End PBXGroup section */

/* Begin PBXNativeTarget section */
		02F76E31289027BD004A4AC5 /* SwiftPackageExample */ = {
			isa = PBXNativeTarget;
			buildConfigurationList = 02F76E5C289027BF004A4AC5 /* Build configuration list for PBXNativeTarget "SwiftPackageExample" */;
			buildPhases = (
				02F76E2E289027BD004A4AC5 /* Sources */,
				02F76E2F289027BD004A4AC5 /* Frameworks */,
				02F76E30289027BD004A4AC5 /* Resources */,
			);
			buildRules = (
			);
			dependencies = (
			);
			name = SwiftPackageExample;
			packageProductDependencies = (
				02F76E6628902A86004A4AC5 /* TextInput */,
				02F76E6928902AB1004A4AC5 /* RegisterView */,
			);
			productName = SwiftPackageExample;
			productReference = 02F76E32289027BD004A4AC5 /* SwiftPackageExample.app */;
			productType = "com.apple.product-type.application";
		};
		02F76E47289027BE004A4AC5 /* SwiftPackageExampleTests */ = {
			isa = PBXNativeTarget;
			buildConfigurationList = 02F76E5F289027BF004A4AC5 /* Build configuration list for PBXNativeTarget "SwiftPackageExampleTests" */;
			buildPhases = (
				02F76E44289027BE004A4AC5 /* Sources */,
				02F76E45289027BE004A4AC5 /* Frameworks */,
				02F76E46289027BE004A4AC5 /* Resources */,
			);
			buildRules = (
			);
			dependencies = (
				02F76E4A289027BE004A4AC5 /* PBXTargetDependency */,
			);
			name = SwiftPackageExampleTests;
			productName = SwiftPackageExampleTests;
			productReference = 02F76E48289027BE004A4AC5 /* SwiftPackageExampleTests.xctest */;
			productType = "com.apple.product-type.bundle.unit-test";
		};
		02F76E51289027BF004A4AC5 /* SwiftPackageExampleUITests */ = {
			isa = PBXNativeTarget;
			buildConfigurationList = 02F76E62289027BF004A4AC5 /* Build configuration list for PBXNativeTarget "SwiftPackageExampleUITests" */;
			buildPhases = (
				02F76E4E289027BF004A4AC5 /* Sources */,
				02F76E4F289027BF004A4AC5 /* Frameworks */,
				02F76E50289027BF004A4AC5 /* Resources */,
			);
			buildRules = (
			);
			dependencies = (
				02F76E54289027BF004A4AC5 /* PBXTargetDependency */,
			);
			name = SwiftPackageExampleUITests;
			productName = SwiftPackageExampleUITests;
			productReference = 02F76E52289027BF004A4AC5 /* SwiftPackageExampleUITests.xctest */;
			productType = "com.apple.product-type.bundle.ui-testing";
		};
/* End PBXNativeTarget section */

/* Begin PBXProject section */
		02F76E2A289027BD004A4AC5 /* Project object */ = {
			isa = PBXProject;
			attributes = {
				BuildIndependentTargetsInParallel = 1;
				LastSwiftUpdateCheck = 1340;
				LastUpgradeCheck = 1340;
				TargetAttributes = {
					02F76E31289027BD004A4AC5 = {
						CreatedOnToolsVersion = 13.4.1;
					};
					02F76E47289027BE004A4AC5 = {
						CreatedOnToolsVersion = 13.4.1;
						TestTargetID = 02F76E31289027BD004A4AC5;
					};
					02F76E51289027BF004A4AC5 = {
						CreatedOnToolsVersion = 13.4.1;
						TestTargetID = 02F76E31289027BD004A4AC5;
					};
				};
			};
			buildConfigurationList = 02F76E2D289027BD004A4AC5 /* Build configuration list for PBXProject "SwiftPackageExample" */;
			compatibilityVersion = "Xcode 13.0";
			developmentRegion = en;
			hasScannedForEncodings = 0;
			knownRegions = (
				en,
				Base,
			);
			mainGroup = 02F76E29289027BD004A4AC5;
			packageReferences = (
				02F76E6528902A86004A4AC5 /* XCRemoteSwiftPackageReference "TextInput" */,
				02F76E6828902AB1004A4AC5 /* XCRemoteSwiftPackageReference "RegisterView" */,
			);
			productRefGroup = 02F76E33289027BD004A4AC5 /* Products */;
			projectDirPath = "";
			projectRoot = "";
			targets = (
				02F76E31289027BD004A4AC5 /* SwiftPackageExample */,
				02F76E47289027BE004A4AC5 /* SwiftPackageExampleTests */,
				02F76E51289027BF004A4AC5 /* SwiftPackageExampleUITests */,
			);
		};
/* End PBXProject section */

/* Begin PBXResourcesBuildPhase section */
		02F76E30289027BD004A4AC5 /* Resources */ = {
			isa = PBXResourcesBuildPhase;
			buildActionMask = 2147483647;
			files = (
				02F76E42289027BE004A4AC5 /* LaunchScreen.storyboard in Resources */,
				02F76E3F289027BE004A4AC5 /* Assets.xcassets in Resources */,
				02F76E3D289027BD004A4AC5 /* Main.storyboard in Resources */,
			);
			runOnlyForDeploymentPostprocessing = 0;
		};
		02F76E46289027BE004A4AC5 /* Resources */ = {
			isa = PBXResourcesBuildPhase;
			buildActionMask = 2147483647;
			files = (
			);
			runOnlyForDeploymentPostprocessing = 0;
		};
		02F76E50289027BF004A4AC5 /* Resources */ = {
			isa = PBXResourcesBuildPhase;
			buildActionMask = 2147483647;
			files = (
			);
			runOnlyForDeploymentPostprocessing = 0;
		};
/* End PBXResourcesBuildPhase section */

/* Begin PBXSourcesBuildPhase section */
		02F76E2E289027BD004A4AC5 /* Sources */ = {
			isa = PBXSourcesBuildPhase;
			buildActionMask = 2147483647;
			files = (
				02F76E3A289027BD004A4AC5 /* ViewController.swift in Sources */,
				02F76E36289027BD004A4AC5 /* AppDelegate.swift in Sources */,
				02F76E38289027BD004A4AC5 /* SceneDelegate.swift in Sources */,
			);
			runOnlyForDeploymentPostprocessing = 0;
		};
		02F76E44289027BE004A4AC5 /* Sources */ = {
			isa = PBXSourcesBuildPhase;
			buildActionMask = 2147483647;
			files = (
				02F76E4D289027BF004A4AC5 /* SwiftPackageExampleTests.swift in Sources */,
			);
			runOnlyForDeploymentPostprocessing = 0;
		};
		02F76E4E289027BF004A4AC5 /* Sources */ = {
			isa = PBXSourcesBuildPhase;
			buildActionMask = 2147483647;
			files = (
				02F76E59289027BF004A4AC5 /* SwiftPackageExampleUITestsLaunchTests.swift in Sources */,
				02F76E57289027BF004A4AC5 /* SwiftPackageExampleUITests.swift in Sources */,
			);
			runOnlyForDeploymentPostprocessing = 0;
		};
/* End PBXSourcesBuildPhase section */

/* Begin PBXTargetDependency section */
		02F76E4A289027BE004A4AC5 /* PBXTargetDependency */ = {
			isa = PBXTargetDependency;
			target = 02F76E31289027BD004A4AC5 /* SwiftPackageExample */;
			targetProxy = 02F76E49289027BE004A4AC5 /* PBXContainerItemProxy */;
		};
		02F76E54289027BF004A4AC5 /* PBXTargetDependency */ = {
			isa = PBXTargetDependency;
			target = 02F76E31289027BD004A4AC5 /* SwiftPackageExample */;
			targetProxy = 02F76E53289027BF004A4AC5 /* PBXContainerItemProxy */;
		};
/* End PBXTargetDependency section */

/* Begin PBXVariantGroup section */
		02F76E3B289027BD004A4AC5 /* Main.storyboard */ = {
			isa = PBXVariantGroup;
			children = (
				02F76E3C289027BD004A4AC5 /* Base */,
			);
			name = Main.storyboard;
			sourceTree = "<group>";
		};
		02F76E40289027BE004A4AC5 /* LaunchScreen.storyboard */ = {
			isa = PBXVariantGroup;
			children = (
				02F76E41289027BE004A4AC5 /* Base */,
			);
			name = LaunchScreen.storyboard;
			sourceTree = "<group>";
		};
/* End PBXVariantGroup section */

/* Begin XCBuildConfiguration section */
		02F76E5A289027BF004A4AC5 /* Debug */ = {
			isa = XCBuildConfiguration;
			buildSettings = {
				ALWAYS_SEARCH_USER_PATHS = NO;
				CLANG_ANALYZER_NONNULL = YES;
				CLANG_ANALYZER_NUMBER_OBJECT_CONVERSION = YES_AGGRESSIVE;
				CLANG_CXX_LANGUAGE_STANDARD = "gnu++17";
				CLANG_ENABLE_MODULES = YES;
				CLANG_ENABLE_OBJC_ARC = YES;
				CLANG_ENABLE_OBJC_WEAK = YES;
				CLANG_WARN_BLOCK_CAPTURE_AUTORELEASING = YES;
				CLANG_WARN_BOOL_CONVERSION = YES;
				CLANG_WARN_COMMA = YES;
				CLANG_WARN_CONSTANT_CONVERSION = YES;
				CLANG_WARN_DEPRECATED_OBJC_IMPLEMENTATIONS = YES;
				CLANG_WARN_DIRECT_OBJC_ISA_USAGE = YES_ERROR;
				CLANG_WARN_DOCUMENTATION_COMMENTS = YES;
				CLANG_WARN_EMPTY_BODY = YES;
				CLANG_WARN_ENUM_CONVERSION = YES;
				CLANG_WARN_INFINITE_RECURSION = YES;
				CLANG_WARN_INT_CONVERSION = YES;
				CLANG_WARN_NON_LITERAL_NULL_CONVERSION = YES;
				CLANG_WARN_OBJC_IMPLICIT_RETAIN_SELF = YES;
				CLANG_WARN_OBJC_LITERAL_CONVERSION = YES;
				CLANG_WARN_OBJC_ROOT_CLASS = YES_ERROR;
				CLANG_WARN_QUOTED_INCLUDE_IN_FRAMEWORK_HEADER = YES;
				CLANG_WARN_RANGE_LOOP_ANALYSIS = YES;
				CLANG_WARN_STRICT_PROTOTYPES = YES;
				CLANG_WARN_SUSPICIOUS_MOVE = YES;
				CLANG_WARN_UNGUARDED_AVAILABILITY = YES_AGGRESSIVE;
				CLANG_WARN_UNREACHABLE_CODE = YES;
				CLANG_WARN__DUPLICATE_METHOD_MATCH = YES;
				COPY_PHASE_STRIP = NO;
				DEBUG_INFORMATION_FORMAT = dwarf;
				ENABLE_STRICT_OBJC_MSGSEND = YES;
				ENABLE_TESTABILITY = YES;
				GCC_C_LANGUAGE_STANDARD = gnu11;
				GCC_DYNAMIC_NO_PIC = NO;
				GCC_NO_COMMON_BLOCKS = YES;
				GCC_OPTIMIZATION_LEVEL = 0;
				GCC_PREPROCESSOR_DEFINITIONS = (
					"DEBUG=1",
					"$(inherited)",
				);
				GCC_WARN_64_TO_32_BIT_CONVERSION = YES;
				GCC_WARN_ABOUT_RETURN_TYPE = YES_ERROR;
				GCC_WARN_UNDECLARED_SELECTOR = YES;
				GCC_WARN_UNINITIALIZED_AUTOS = YES_AGGRESSIVE;
				GCC_WARN_UNUSED_FUNCTION = YES;
				GCC_WARN_UNUSED_VARIABLE = YES;
				IPHONEOS_DEPLOYMENT_TARGET = 15.5;
				MTL_ENABLE_DEBUG_INFO = INCLUDE_SOURCE;
				MTL_FAST_MATH = YES;
				ONLY_ACTIVE_ARCH = YES;
				SDKROOT = iphoneos;
				SWIFT_ACTIVE_COMPILATION_CONDITIONS = DEBUG;
				SWIFT_OPTIMIZATION_LEVEL = "-Onone";
			};
			name = Debug;
		};
		02F76E5B289027BF004A4AC5 /* Release */ = {
			isa = XCBuildConfiguration;
			buildSettings = {
				ALWAYS_SEARCH_USER_PATHS = NO;
				CLANG_ANALYZER_NONNULL = YES;
				CLANG_ANALYZER_NUMBER_OBJECT_CONVERSION = YES_AGGRESSIVE;
				CLANG_CXX_LANGUAGE_STANDARD = "gnu++17";
				CLANG_ENABLE_MODULES = YES;
				CLANG_ENABLE_OBJC_ARC = YES;
				CLANG_ENABLE_OBJC_WEAK = YES;
				CLANG_WARN_BLOCK_CAPTURE_AUTORELEASING = YES;
				CLANG_WARN_BOOL_CONVERSION = YES;
				CLANG_WARN_COMMA = YES;
				CLANG_WARN_CONSTANT_CONVERSION = YES;
				CLANG_WARN_DEPRECATED_OBJC_IMPLEMENTATIONS = YES;
				CLANG_WARN_DIRECT_OBJC_ISA_USAGE = YES_ERROR;
				CLANG_WARN_DOCUMENTATION_COMMENTS = YES;
				CLANG_WARN_EMPTY_BODY = YES;
				CLANG_WARN_ENUM_CONVERSION = YES;
				CLANG_WARN_INFINITE_RECURSION = YES;
				CLANG_WARN_INT_CONVERSION = YES;
				CLANG_WARN_NON_LITERAL_NULL_CONVERSION = YES;
				CLANG_WARN_OBJC_IMPLICIT_RETAIN_SELF = YES;
				CLANG_WARN_OBJC_LITERAL_CONVERSION = YES;
				CLANG_WARN_OBJC_ROOT_CLASS = YES_ERROR;
				CLANG_WARN_QUOTED_INCLUDE_IN_FRAMEWORK_HEADER = YES;
				CLANG_WARN_RANGE_LOOP_ANALYSIS = YES;
				CLANG_WARN_STRICT_PROTOTYPES = YES;
				CLANG_WARN_SUSPICIOUS_MOVE = YES;
				CLANG_WARN_UNGUARDED_AVAILABILITY = YES_AGGRESSIVE;
				CLANG_WARN_UNREACHABLE_CODE = YES;
				CLANG_WARN__DUPLICATE_METHOD_MATCH = YES;
				COPY_PHASE_STRIP = NO;
				DEBUG_INFORMATION_FORMAT = "dwarf-with-dsym";
				ENABLE_NS_ASSERTIONS = NO;
				ENABLE_STRICT_OBJC_MSGSEND = YES;
				GCC_C_LANGUAGE_STANDARD = gnu11;
				GCC_NO_COMMON_BLOCKS = YES;
				GCC_WARN_64_TO_32_BIT_CONVERSION = YES;
				GCC_WARN_ABOUT_RETURN_TYPE = YES_ERROR;
				GCC_WARN_UNDECLARED_SELECTOR = YES;
				GCC_WARN_UNINITIALIZED_AUTOS = YES_AGGRESSIVE;
				GCC_WARN_UNUSED_FUNCTION = YES;
				GCC_WARN_UNUSED_VARIABLE = YES;
				IPHONEOS_DEPLOYMENT_TARGET = 15.5;
				MTL_ENABLE_DEBUG_INFO = NO;
				MTL_FAST_MATH = YES;
				SDKROOT = iphoneos;
				SWIFT_COMPILATION_MODE = wholemodule;
				SWIFT_OPTIMIZATION_LEVEL = "-O";
				VALIDATE_PRODUCT = YES;
			};
			name = Release;
		};
		02F76E5D289027BF004A4AC5 /* Debug */ = {
			isa = XCBuildConfiguration;
			buildSettings = {
				ASSETCATALOG_COMPILER_APPICON_NAME = AppIcon;
				ASSETCATALOG_COMPILER_GLOBAL_ACCENT_COLOR_NAME = AccentColor;
				CODE_SIGN_STYLE = Automatic;
				CURRENT_PROJECT_VERSION = 1;
				DEVELOPMENT_TEAM = VZ34GRYYW6;
				GENERATE_INFOPLIST_FILE = YES;
				INFOPLIST_FILE = SwiftPackageExample/Info.plist;
				INFOPLIST_KEY_UIApplicationSupportsIndirectInputEvents = YES;
				INFOPLIST_KEY_UILaunchStoryboardName = LaunchScreen;
				INFOPLIST_KEY_UIMainStoryboardFile = Main;
				INFOPLIST_KEY_UISupportedInterfaceOrientations_iPad = "UIInterfaceOrientationPortrait UIInterfaceOrientationPortraitUpsideDown UIInterfaceOrientationLandscapeLeft UIInterfaceOrientationLandscapeRight";
				INFOPLIST_KEY_UISupportedInterfaceOrientations_iPhone = "UIInterfaceOrientationPortrait UIInterfaceOrientationLandscapeLeft UIInterfaceOrientationLandscapeRight";
				LD_RUNPATH_SEARCH_PATHS = (
					"$(inherited)",
					"@executable_path/Frameworks",
				);
				MARKETING_VERSION = 1.0;
				PRODUCT_BUNDLE_IDENTIFIER = com.febryituery.SwiftPackageExample;
				PRODUCT_NAME = "$(TARGET_NAME)";
				SWIFT_EMIT_LOC_STRINGS = YES;
				SWIFT_VERSION = 5.0;
				TARGETED_DEVICE_FAMILY = "1,2";
			};
			name = Debug;
		};
		02F76E5E289027BF004A4AC5 /* Release */ = {
			isa = XCBuildConfiguration;
			buildSettings = {
				ASSETCATALOG_COMPILER_APPICON_NAME = AppIcon;
				ASSETCATALOG_COMPILER_GLOBAL_ACCENT_COLOR_NAME = AccentColor;
				CODE_SIGN_STYLE = Automatic;
				CURRENT_PROJECT_VERSION = 1;
				DEVELOPMENT_TEAM = VZ34GRYYW6;
				GENERATE_INFOPLIST_FILE = YES;
				INFOPLIST_FILE = SwiftPackageExample/Info.plist;
				INFOPLIST_KEY_UIApplicationSupportsIndirectInputEvents = YES;
				INFOPLIST_KEY_UILaunchStoryboardName = LaunchScreen;
				INFOPLIST_KEY_UIMainStoryboardFile = Main;
				INFOPLIST_KEY_UISupportedInterfaceOrientations_iPad = "UIInterfaceOrientationPortrait UIInterfaceOrientationPortraitUpsideDown UIInterfaceOrientationLandscapeLeft UIInterfaceOrientationLandscapeRight";
				INFOPLIST_KEY_UISupportedInterfaceOrientations_iPhone = "UIInterfaceOrientationPortrait UIInterfaceOrientationLandscapeLeft UIInterfaceOrientationLandscapeRight";
				LD_RUNPATH_SEARCH_PATHS = (
					"$(inherited)",
					"@executable_path/Frameworks",
				);
				MARKETING_VERSION = 1.0;
				PRODUCT_BUNDLE_IDENTIFIER = com.febryituery.SwiftPackageExample;
				PRODUCT_NAME = "$(TARGET_NAME)";
				SWIFT_EMIT_LOC_STRINGS = YES;
				SWIFT_VERSION = 5.0;
				TARGETED_DEVICE_FAMILY = "1,2";
			};
			name = Release;
		};
		02F76E60289027BF004A4AC5 /* Debug */ = {
			isa = XCBuildConfiguration;
			buildSettings = {
				ALWAYS_EMBED_SWIFT_STANDARD_LIBRARIES = YES;
				BUNDLE_LOADER = "$(TEST_HOST)";
				CODE_SIGN_STYLE = Automatic;
				CURRENT_PROJECT_VERSION = 1;
				DEVELOPMENT_TEAM = VZ34GRYYW6;
				GENERATE_INFOPLIST_FILE = YES;
				IPHONEOS_DEPLOYMENT_TARGET = 15.5;
				MARKETING_VERSION = 1.0;
				PRODUCT_BUNDLE_IDENTIFIER = com.febryituery.SwiftPackageExampleTests;
				PRODUCT_NAME = "$(TARGET_NAME)";
				SWIFT_EMIT_LOC_STRINGS = NO;
				SWIFT_VERSION = 5.0;
				TARGETED_DEVICE_FAMILY = "1,2";
				TEST_HOST = "$(BUILT_PRODUCTS_DIR)/SwiftPackageExample.app/SwiftPackageExample";
			};
			name = Debug;
		};
		02F76E61289027BF004A4AC5 /* Release */ = {
			isa = XCBuildConfiguration;
			buildSettings = {
				ALWAYS_EMBED_SWIFT_STANDARD_LIBRARIES = YES;
				BUNDLE_LOADER = "$(TEST_HOST)";
				CODE_SIGN_STYLE = Automatic;
				CURRENT_PROJECT_VERSION = 1;
				DEVELOPMENT_TEAM = VZ34GRYYW6;
				GENERATE_INFOPLIST_FILE = YES;
				IPHONEOS_DEPLOYMENT_TARGET = 15.5;
				MARKETING_VERSION = 1.0;
				PRODUCT_BUNDLE_IDENTIFIER = com.febryituery.SwiftPackageExampleTests;
				PRODUCT_NAME = "$(TARGET_NAME)";
				SWIFT_EMIT_LOC_STRINGS = NO;
				SWIFT_VERSION = 5.0;
				TARGETED_DEVICE_FAMILY = "1,2";
				TEST_HOST = "$(BUILT_PRODUCTS_DIR)/SwiftPackageExample.app/SwiftPackageExample";
			};
			name = Release;
		};
		02F76E63289027BF004A4AC5 /* Debug */ = {
			isa = XCBuildConfiguration;
			buildSettings = {
				ALWAYS_EMBED_SWIFT_STANDARD_LIBRARIES = YES;
				CODE_SIGN_STYLE = Automatic;
				CURRENT_PROJECT_VERSION = 1;
				DEVELOPMENT_TEAM = VZ34GRYYW6;
				GENERATE_INFOPLIST_FILE = YES;
				MARKETING_VERSION = 1.0;
				PRODUCT_BUNDLE_IDENTIFIER = com.febryituery.SwiftPackageExampleUITests;
				PRODUCT_NAME = "$(TARGET_NAME)";
				SWIFT_EMIT_LOC_STRINGS = NO;
				SWIFT_VERSION = 5.0;
				TARGETED_DEVICE_FAMILY = "1,2";
				TEST_TARGET_NAME = SwiftPackageExample;
			};
			name = Debug;
		};
		02F76E64289027BF004A4AC5 /* Release */ = {
			isa = XCBuildConfiguration;
			buildSettings = {
				ALWAYS_EMBED_SWIFT_STANDARD_LIBRARIES = YES;
				CODE_SIGN_STYLE = Automatic;
				CURRENT_PROJECT_VERSION = 1;
				DEVELOPMENT_TEAM = VZ34GRYYW6;
				GENERATE_INFOPLIST_FILE = YES;
				MARKETING_VERSION = 1.0;
				PRODUCT_BUNDLE_IDENTIFIER = com.febryituery.SwiftPackageExampleUITests;
				PRODUCT_NAME = "$(TARGET_NAME)";
				SWIFT_EMIT_LOC_STRINGS = NO;
				SWIFT_VERSION = 5.0;
				TARGETED_DEVICE_FAMILY = "1,2";
				TEST_TARGET_NAME = SwiftPackageExample;
			};
			name = Release;
		};
/* End XCBuildConfiguration section */

/* Begin XCConfigurationList section */
		02F76E2D289027BD004A4AC5 /* Build configuration list for PBXProject "SwiftPackageExample" */ = {
			isa = XCConfigurationList;
			buildConfigurations = (
				02F76E5A289027BF004A4AC5 /* Debug */,
				02F76E5B289027BF004A4AC5 /* Release */,
			);
			defaultConfigurationIsVisible = 0;
			defaultConfigurationName = Release;
		};
		02F76E5C289027BF004A4AC5 /* Build configuration list for PBXNativeTarget "SwiftPackageExample" */ = {
			isa = XCConfigurationList;
			buildConfigurations = (
				02F76E5D289027BF004A4AC5 /* Debug */,
				02F76E5E289027BF004A4AC5 /* Release */,
			);
			defaultConfigurationIsVisible = 0;
			defaultConfigurationName = Release;
		};
		02F76E5F289027BF004A4AC5 /* Build configuration list for PBXNativeTarget "SwiftPackageExampleTests" */ = {
			isa = XCConfigurationList;
			buildConfigurations = (
				02F76E60289027BF004A4AC5 /* Debug */,
				02F76E61289027BF004A4AC5 /* Release */,
			);
			defaultConfigurationIsVisible = 0;
			defaultConfigurationName = Release;
		};
		02F76E62289027BF004A4AC5 /* Build configuration list for PBXNativeTarget "SwiftPackageExampleUITests" */ = {
			isa = XCConfigurationList;
			buildConfigurations = (
				02F76E63289027BF004A4AC5 /* Debug */,
				02F76E64289027BF004A4AC5 /* Release */,
			);
			defaultConfigurationIsVisible = 0;
			defaultConfigurationName = Release;
		};
/* End XCConfigurationList section */

/* Begin XCRemoteSwiftPackageReference section */
		02F76E6528902A86004A4AC5 /* XCRemoteSwiftPackageReference "TextInput" */ = {
			isa = XCRemoteSwiftPackageReference;
			repositoryURL = "https://github.com/febryituery/TextInput";
			requirement = {
				branch = main;
				kind = branch;
			};
		};
		02F76E6828902AB1004A4AC5 /* XCRemoteSwiftPackageReference "RegisterView" */ = {
			isa = XCRemoteSwiftPackageReference;
			repositoryURL = "https://github.com/febryituery/RegisterView";
			requirement = {
				branch = main;
				kind = branch;
			};
		};
/* End XCRemoteSwiftPackageReference section */

/* Begin XCSwiftPackageProductDependency section */
		02F76E6628902A86004A4AC5 /* TextInput */ = {
			isa = XCSwiftPackageProductDependency;
			package = 02F76E6528902A86004A4AC5 /* XCRemoteSwiftPackageReference "TextInput" */;
			productName = TextInput;
		};
		02F76E6928902AB1004A4AC5 /* RegisterView */ = {
			isa = XCSwiftPackageProductDependency;
			package = 02F76E6828902AB1004A4AC5 /* XCRemoteSwiftPackageReference "RegisterView" */;
			productName = RegisterView;
		};
/* End XCSwiftPackageProductDependency section */
	};
	rootObject = 02F76E2A289027BD004A4AC5 /* Project object */;
}
